
Microsoft Visual Studio Solution File, Format Version 12.00
# Visual Studio 15
VisualStudioVersion = 15.0.28307.106
MinimumVisualStudioVersion = 10.0.40219.1
Project("{FAE04EC0-301F-11D3-BF4B-00C04F79EFBC}") = "OkonkwoOandaV20", "OkonkwoOandaV20\OkonkwoOandaV20.csproj", "{9FF1E237-E4B0-49A1-BD2D-7F3D18849CBC}"
EndProject
Project("{FAE04EC0-301F-11D3-BF4B-00C04F79EFBC}") = "OkonkwoOandaV20Tests", "OkonkwoOandaV20Tests\OkonkwoOandaV20Tests.csproj", "{C1E31484-5FAD-490A-9047-EAA7000B928C}"
EndProject
Project("{FAE04EC0-301F-11D3-BF4B-00C04F79EFBC}") = "OkonkwoOandaV20App", "OkonkwoOandaV20App\OkonkwoOandaV20App.csproj", "{287F1CC4-A2E8-48A4-9235-47BF8F202F57}"
EndProject
Global
	GlobalSection(SolutionConfigurationPlatforms) = preSolution
		Debug|Any CPU = Debug|Any CPU
		Release|Any CPU = Release|Any CPU
	EndGlobalSection
	GlobalSection(ProjectConfigurationPlatforms) = postSolution
		{9FF1E237-E4B0-49A1-BD2D-7F3D18849CBC}.Debug|Any CPU.ActiveCfg = Debug|Any CPU
		{9FF1E237-E4B0-49A1-BD2D-7F3D18849CBC}.Debug|Any CPU.Build.0 = Debug|Any CPU
		{9FF1E237-E4B0-49A1-BD2D-7F3D18849CBC}.Release|Any CPU.ActiveCfg = Release|Any CPU
		{9FF1E237-E4B0-49A1-BD2D-7F3D18849CBC}.Release|Any CPU.Build.0 = Release|Any CPU
		{C1E31484-5FAD-490A-9047-EAA7000B928C}.Debug|Any CPU.ActiveCfg = Debug|Any CPU
		{C1E31484-5FAD-490A-9047-EAA7000B928C}.Debug|Any CPU.Build.0 = Debug|Any CPU
		{C1E31484-5FAD-490A-9047-EAA7000B928C}.Release|Any CPU.ActiveCfg = Release|Any CPU
		{C1E31484-5FAD-490A-9047-EAA7000B928C}.Release|Any CPU.Build.0 = Release|Any CPU
		{287F1CC4-A2E8-48A4-9235-47BF8F202F57}.Debug|Any CPU.ActiveCfg = Debug|Any CPU
		{287F1CC4-A2E8-48A4-9235-47BF8F202F57}.Debug|Any CPU.Build.0 = Debug|Any CPU
		{287F1CC4-A2E8-48A4-9235-47BF8F202F57}.Release|Any CPU.ActiveCfg = Release|Any CPU
		{287F1CC4-A2E8-48A4-9235-47BF8F202F57}.Release|Any CPU.Build.0 = Release|Any CPU
	EndGlobalSection
	GlobalSection(SolutionProperties) = preSolution
		HideSolutionNode = FALSE
	EndGlobalSection
	GlobalSection(ExtensibilityGlobals) = postSolution
		SolutionGuid = {B8C710A8-1D5D-4710-9455-2050BE11F136}
	EndGlobalSection
EndGlobal
